<?xml version="1.0" encoding="utf-8"?>
<Project ToolsVersion="4.0" xmlns="http://schemas.microsoft.com/developer/msbuild/2003">
  <ItemGroup>
    <Filter Include="リソース ファイル">
      <UniqueIdentifier>{67DA6AB6-F800-4c08-8B7A-83BB121AAD01}</UniqueIdentifier>
      <Extensions>rc;ico;cur;bmp;dlg;rc2;rct;bin;rgs;gif;jpg;jpeg;jpe;resx;tiff;tif;png;wav;mfcribbon-ms</Extensions>
    </Filter>
    <Filter Include="Domain">
      <UniqueIdentifier>{2d6bfc3a-d28b-4c23-8e4b-5b43b7916cfb}</UniqueIdentifier>
    </Filter>
    <Filter Include="Repository">
      <UniqueIdentifier>{b69f9d78-414d-476e-9a39-1e251b91ab4a}</UniqueIdentifier>
    </Filter>
  </ItemGroup>
  <ItemGroup>
    <ClCompile Include="main.cpp" />
    <ClCompile Include="pch.cpp" />
    <ClCompile Include="Repository\DIContainer.cpp">
      <Filter>Repository</Filter>
    </ClCompile>
  </ItemGroup>
  <ItemGroup>
    <ClInclude Include="pch.h" />
    <ClInclude Include="Domain\Fuga.h">
      <Filter>Domain</Filter>
    </ClInclude>
    <ClInclude Include="Domain\Hoge.h">
      <Filter>Domain</Filter>
    </ClInclude>
    <ClInclude Include="Domain\IFuga.h">
      <Filter>Domain</Filter>
    </ClInclude>
    <ClInclude Include="Repository\DIContainer.h">
      <Filter>Repository</Filter>
    </ClInclude>
    <ClInclude Include="Repository\IObject.h">
      <Filter>Repository</Filter>
    </ClInclude>
    <ClInclude Include="Repository\DIContainerError.h" />
    <ClInclude Include="Stub\StubFuga.h" />
  </ItemGroup>
</Project>